// !$*UTF8*$!
{
	archiveVersion = 1;
	classes = {
	};
	objectVersion = 50;
	objects = {

/* Begin PBXBuildFile section */
		D83FE7462079BDC900E55913 /* AppDelegate.swift in Sources */ = {isa = PBXBuildFile; fileRef = D83FE7452079BDC900E55913 /* AppDelegate.swift */; };
		D83FE7482079BDC900E55913 /* ViewController.swift in Sources */ = {isa = PBXBuildFile; fileRef = D83FE7472079BDC900E55913 /* ViewController.swift */; };
		D83FE74B2079BDC900E55913 /* Main.storyboard in Resources */ = {isa = PBXBuildFile; fileRef = D83FE7492079BDC900E55913 /* Main.storyboard */; };
		D83FE74D2079BDCA00E55913 /* Assets.xcassets in Resources */ = {isa = PBXBuildFile; fileRef = D83FE74C2079BDCA00E55913 /* Assets.xcassets */; };
		D83FE7502079BDCA00E55913 /* LaunchScreen.storyboard in Resources */ = {isa = PBXBuildFile; fileRef = D83FE74E2079BDCA00E55913 /* LaunchScreen.storyboard */; };
/* End PBXBuildFile section */

/* Begin PBXFileReference section */
		D83FE7422079BDC900E55913 /* CommonInputControls.app */ = {isa = PBXFileReference; explicitFileType = wrapper.application; includeInIndex = 0; path = CommonInputControls.app; sourceTree = BUILT_PRODUCTS_DIR; };
		D83FE7452079BDC900E55913 /* AppDelegate.swift */ = {isa = PBXFileReference; lastKnownFileType = sourcecode.swift; path = AppDelegate.swift; sourceTree = "<group>"; };
		D83FE7472079BDC900E55913 /* ViewController.swift */ = {isa = PBXFileReference; lastKnownFileType = sourcecode.swift; path = ViewController.swift; sourceTree = "<group>"; };
		D83FE74A2079BDC900E55913 /* Base */ = {isa = PBXFileReference; lastKnownFileType = file.storyboard; name = Base; path = Base.lproj/Main.storyboard; sourceTree = "<group>"; };
		D83FE74C2079BDCA00E55913 /* Assets.xcassets */ = {isa = PBXFileReference; lastKnownFileType = folder.assetcatalog; path = Assets.xcassets; sourceTree = "<group>"; };
		D83FE74F2079BDCA00E55913 /* Base */ = {isa = PBXFileReference; lastKnownFileType = file.storyboard; name = Base; path = Base.lproj/LaunchScreen.storyboard; sourceTree = "<group>"; };
		D83FE7512079BDCA00E55913 /* Info.plist */ = {isa = PBXFileReference; lastKnownFileType = text.plist.xml; path = Info.plist; sourceTree = "<group>"; };
/* End PBXFileReference section */

/* Begin PBXFrameworksBuildPhase section */
		D83FE73F2079BDC900E55913 /* Frameworks */ = {
			isa = PBXFrameworksBuildPhase;
			buildActionMask = 2147483647;
			files = (
			);
			runOnlyForDeploymentPostprocessing = 0;
		};
/* End PBXFrameworksBuildPhase section */

/* Begin PBXGroup section */
		D83FE7392079BDC900E55913 = {
			isa = PBXGroup;
			children = (
				D83FE7442079BDC900E55913 /* CommonInputControls */,
				D83FE7432079BDC900E55913 /* Products */,
			);
			sourceTree = "<group>";
		};
		D83FE7432079BDC900E55913 /* Products */ = {
			isa = PBXGroup;
			children = (
				D83FE7422079BDC900E55913 /* CommonInputControls.app */,
			);
			name = Products;
			sourceTree = "<group>";
		};
		D83FE7442079BDC900E55913 /* CommonInputControls */ = {
			isa = PBXGroup;
			children = (
				D83FE7452079BDC900E55913 /* AppDelegate.swift */,
				D83FE7472079BDC900E55913 /* ViewController.swift */,
				D83FE7492079BDC900E55913 /* Main.storyboard */,
				D83FE74C2079BDCA00E55913 /* Assets.xcassets */,
				D83FE74E2079BDCA00E55913 /* LaunchScreen.storyboard */,
				D83FE7512079BDCA00E55913 /* Info.plist */,
			);
			path = CommonInputControls;
			sourceTree = "<group>";
		};
/* End PBXGroup section */

/* Begin PBXNativeTarget section */
		D83FE7412079BDC900E55913 /* CommonInputControls */ = {
			isa = PBXNativeTarget;
			buildConfigurationList = D83FE7542079BDCA00E55913 /* Build configuration list for PBXNativeTarget "CommonInputControls" */;
			buildPhases = (
				D83FE73E2079BDC900E55913 /* Sources */,
				D83FE73F2079BDC900E55913 /* Frameworks */,
				D83FE7402079BDC900E55913 /* Resources */,
			);
			buildRules = (
			);
			dependencies = (
			);
			name = CommonInputControls;
			productName = CommonInputControls;
			productReference = D83FE7422079BDC900E55913 /* CommonInputControls.app */;
			productType = "com.apple.product-type.application";
		};
/* End PBXNativeTarget section */

/* Begin PBXProject section */
		D83FE73A2079BDC900E55913 /* Project object */ = {
			isa = PBXProject;
			attributes = {
				LastSwiftUpdateCheck = 0930;
				LastUpgradeCheck = 0930;
				ORGANIZATIONNAME = "Joe Sturzenegger";
				TargetAttributes = {
					D83FE7412079BDC900E55913 = {
						CreatedOnToolsVersion = 9.3;
					};
				};
			};
			buildConfigurationList = D83FE73D2079BDC900E55913 /* Build configuration list for PBXProject "CommonInputControls" */;
			compatibilityVersion = "Xcode 9.3";
			developmentRegion = en;
			hasScannedForEncodings = 0;
			knownRegions = (
				en,
				Base,
			);
			mainGroup = D83FE7392079BDC900E55913;
			productRefGroup = D83FE7432079BDC900E55913 /* Products */;
			projectDirPath = "";
			projectRoot = "";
			targets = (
				D83FE7412079BDC900E55913 /* CommonInputControls */,
			);
		};
/* End PBXProject section */

/* Begin PBXResourcesBuildPhase section */
		D83FE7402079BDC900E55913 /* Resources */ = {
			isa = PBXResourcesBuildPhase;
			buildActionMask = 2147483647;
			files = (
				D83FE7502079BDCA00E55913 /* LaunchScreen.storyboard in Resources */,
				D83FE74D2079BDCA00E55913 /* Assets.xcassets in Resources */,
				D83FE74B2079BDC900E55913 /* Main.storyboard in Resources */,
			);
			runOnlyForDeploymentPostprocessing = 0;
		};
/* End PBXResourcesBuildPhase section */

/* Begin PBXSourcesBuildPhase section */
		D83FE73E2079BDC900E55913 /* Sources */ = {
			isa = PBXSourcesBuildPhase;
			buildActionMask = 2147483647;
			files = (
				D83FE7482079BDC900E55913 /* ViewController.swift in Sources */,
				D83FE7462079BDC900E55913 /* AppDelegate.swift in Sources */,
			);
			runOnlyForDeploymentPostprocessing = 0;
		};
/* End PBXSourcesBuildPhase section */

/* Begin PBXVariantGroup section */
		D83FE7492079BDC900E55913 /* Main.storyboard */ = {
			isa = PBXVariantGroup;
			children = (
				D83FE74A2079BDC900E55913 /* Base */,
			);
			name = Main.storyboard;
			sourceTree = "<group>";
		};
		D83FE74E2079BDCA00E55913 /* LaunchScreen.storyboard */ = {
			isa = PBXVariantGroup;
			children = (
				D83FE74F2079BDCA00E55913 /* Base */,
			);
			name = LaunchScreen.storyboard;
			sourceTree = "<group>";
		};
/* End PBXVariantGroup section */

/* Begin XCBuildConfiguration section */
		D83FE7522079BDCA00E55913 /* Debug */ = {
			isa = XCBuildConfiguration;
			buildSettings = {
				ALWAYS_SEARCH_USER_PATHS = NO;
				CLANG_ANALYZER_NONNULL = YES;
				CLANG_ANALYZER_NUMBER_OBJECT_CONVERSION = YES_AGGRESSIVE;
				CLANG_CXX_LANGUAGE_STANDARD = "gnu++14";
				CLANG_CXX_LIBRARY = "libc++";
				CLANG_ENABLE_MODULES = YES;
				CLANG_ENABLE_OBJC_ARC = YES;
				CLANG_ENABLE_OBJC_WEAK = YES;
				CLANG_WARN_BLOCK_CAPTURE_AUTORELEASING = YES;
				CLANG_WARN_BOOL_CONVERSION = YES;
				CLANG_WARN_COMMA = YES;
				CLANG_WARN_CONSTANT_CONVERSION = YES;
				CLANG_WARN_DEPRECATED_OBJC_IMPLEMENTATIONS = YES;
				CLANG_WARN_DIRECT_OBJC_ISA_USAGE = YES_ERROR;
				CLANG_WARN_DOCUMENTATION_COMMENTS = YES;
				CLANG_WARN_EMPTY_BODY = YES;
				CLANG_WARN_ENUM_CONVERSION = YES;
				CLANG_WARN_INFINITE_RECURSION = YES;
				CLANG_WARN_INT_CONVERSION = YES;
				CLANG_WARN_NON_LITERAL_NULL_CONVERSION = YES;
				CLANG_WARN_OBJC_IMPLICIT_RETAIN_SELF = YES;
				CLANG_WARN_OBJC_LITERAL_CONVERSION = YES;
				CLANG_WARN_OBJC_ROOT_CLASS = YES_ERROR;
				CLANG_WARN_RANGE_LOOP_ANALYSIS = YES;
				CLANG_WARN_STRICT_PROTOTYPES = YES;
				CLANG_WARN_SUSPICIOUS_MOVE = YES;
				CLANG_WARN_UNGUARDED_AVAILABILITY = YES_AGGRESSIVE;
				CLANG_WARN_UNREACHABLE_CODE = YES;
				CLANG_WARN__DUPLICATE_METHOD_MATCH = YES;
				CODE_SIGN_IDENTITY = "iPhone Developer";
				COPY_PHASE_STRIP = NO;
				DEBUG_INFORMATION_FORMAT = dwarf;
				ENABLE_STRICT_OBJC_MSGSEND = YES;
				ENABLE_TESTABILITY = YES;
				GCC_C_LANGUAGE_STANDARD = gnu11;
				GCC_DYNAMIC_NO_PIC = NO;
				GCC_NO_COMMON_BLOCKS = YES;
				GCC_OPTIMIZATION_LEVEL = 0;
				GCC_PREPROCESSOR_DEFINITIONS = (
					"DEBUG=1",
					"$(inherited)",
				);
				GCC_WARN_64_TO_32_BIT_CONVERSION = YES;
				GCC_WARN_ABOUT_RETURN_TYPE = YES_ERROR;
				GCC_WARN_UNDECLARED_SELECTOR = YES;
				GCC_WARN_UNINITIALIZED_AUTOS = YES_AGGRESSIVE;
				GCC_WARN_UNUSED_FUNCTION = YES;
				GCC_WARN_UNUSED_VARIABLE = YES;
				IPHONEOS_DEPLOYMENT_TARGET = 11.3;
				MTL_ENABLE_DEBUG_INFO = YES;
				ONLY_ACTIVE_ARCH = YES;
				SDKROOT = iphoneos;
				SWIFT_ACTIVE_COMPILATION_CONDITIONS = DEBUG;
				SWIFT_OPTIMIZATION_LEVEL = "-Onone";
			};
			name = Debug;
		};
		D83FE7532079BDCA00E55913 /* Release */ = {
			isa = XCBuildConfiguration;
			buildSettings = {
				ALWAYS_SEARCH_USER_PATHS = NO;
				CLANG_ANALYZER_NONNULL = YES;
				CLANG_ANALYZER_NUMBER_OBJECT_CONVERSION = YES_AGGRESSIVE;
				CLANG_CXX_LANGUAGE_STANDARD = "gnu++14";
				CLANG_CXX_LIBRARY = "libc++";
				CLANG_ENABLE_MODULES = YES;
				CLANG_ENABLE_OBJC_ARC = YES;
				CLANG_ENABLE_OBJC_WEAK = YES;
				CLANG_WARN_BLOCK_CAPTURE_AUTORELEASING = YES;
				CLANG_WARN_BOOL_CONVERSION = YES;
				CLANG_WARN_COMMA = YES;
				CLANG_WARN_CONSTANT_CONVERSION = YES;
				CLANG_WARN_DEPRECATED_OBJC_IMPLEMENTATIONS = YES;
				CLANG_WARN_DIRECT_OBJC_ISA_USAGE = YES_ERROR;
				CLANG_WARN_DOCUMENTATION_COMMENTS = YES;
				CLANG_WARN_EMPTY_BODY = YES;
				CLANG_WARN_ENUM_CONVERSION = YES;
				CLANG_WARN_INFINITE_RECURSION = YES;
				CLANG_WARN_INT_CONVERSION = YES;
				CLANG_WARN_NON_LITERAL_NULL_CONVERSION = YES;
				CLANG_WARN_OBJC_IMPLICIT_RETAIN_SELF = YES;
				CLANG_WARN_OBJC_LITERAL_CONVERSION = YES;
				CLANG_WARN_OBJC_ROOT_CLASS = YES_ERROR;
				CLANG_WARN_RANGE_LOOP_ANALYSIS = YES;
				CLANG_WARN_STRICT_PROTOTYPES = YES;
				CLANG_WARN_SUSPICIOUS_MOVE = YES;
				CLANG_WARN_UNGUARDED_AVAILABILITY = YES_AGGRESSIVE;
				CLANG_WARN_UNREACHABLE_CODE = YES;
				CLANG_WARN__DUPLICATE_METHOD_MATCH = YES;
				CODE_SIGN_IDENTITY = "iPhone Developer";
				COPY_PHASE_STRIP = NO;
				DEBUG_INFORMATION_FORMAT = "dwarf-with-dsym";
				ENABLE_NS_ASSERTIONS = NO;
				ENABLE_STRICT_OBJC_MSGSEND = YES;
				GCC_C_LANGUAGE_STANDARD = gnu11;
				GCC_NO_COMMON_BLOCKS = YES;
				GCC_WARN_64_TO_32_BIT_CONVERSION = YES;
				GCC_WARN_ABOUT_RETURN_TYPE = YES_ERROR;
				GCC_WARN_UNDECLARED_SELECTOR = YES;
				GCC_WARN_UNINITIALIZED_AUTOS = YES_AGGRESSIVE;
				GCC_WARN_UNUSED_FUNCTION = YES;
				GCC_WARN_UNUSED_VARIABLE = YES;
				IPHONEOS_DEPLOYMENT_TARGET = 11.3;
				MTL_ENABLE_DEBUG_INFO = NO;
				SDKROOT = iphoneos;
				SWIFT_COMPILATION_MODE = wholemodule;
				SWIFT_OPTIMIZATION_LEVEL = "-O";
				VALIDATE_PRODUCT = YES;
			};
			name = Release;
		};
		D83FE7552079BDCA00E55913 /* Debug */ = {
			isa = XCBuildConfiguration;
			buildSettings = {
				ASSETCATALOG_COMPILER_APPICON_NAME = AppIcon;
				CODE_SIGN_STYLE = Automatic;
				DEVELOPMENT_TEAM = 8498GNCR8T;
				INFOPLIST_FILE = CommonInputControls/Info.plist;
				LD_RUNPATH_SEARCH_PATHS = (
					"$(inherited)",
					"@executable_path/Frameworks",
				);
				PRODUCT_BUNDLE_IDENTIFIER = "Joe-Sturzenegger.CommonInputControls";
				PRODUCT_NAME = "$(TARGET_NAME)";
				SWIFT_VERSION = 4.0;
				TARGETED_DEVICE_FAMILY = "1,2";
			};
			name = Debug;
		};
		D83FE7562079BDCA00E55913 /* Release */ = {
			isa = XCBuildConfiguration;
			buildSettings = {
				ASSETCATALOG_COMPILER_APPICON_NAME = AppIcon;
				CODE_SIGN_STYLE = Automatic;
				DEVELOPMENT_TEAM = 8498GNCR8T;
				INFOPLIST_FILE = CommonInputControls/Info.plist;
				LD_RUNPATH_SEARCH_PATHS = (
					"$(inherited)",
					"@executable_path/Frameworks",
				);
				PRODUCT_BUNDLE_IDENTIFIER = "Joe-Sturzenegger.CommonInputControls";
				PRODUCT_NAME = "$(TARGET_NAME)";
				SWIFT_VERSION = 4.0;
				TARGETED_DEVICE_FAMILY = "1,2";
			};
			name = Release;
		};
/* End XCBuildConfiguration section */

/* Begin XCConfigurationList section */
		D83FE73D2079BDC900E55913 /* Build configuration list for PBXProject "CommonInputControls" */ = {
			isa = XCConfigurationList;
			buildConfigurations = (
				D83FE7522079BDCA00E55913 /* Debug */,
				D83FE7532079BDCA00E55913 /* Release */,
			);
			defaultConfigurationIsVisible = 0;
			defaultConfigurationName = Release;
		};
		D83FE7542079BDCA00E55913 /* Build configuration list for PBXNativeTarget "CommonInputControls" */ = {
			isa = XCConfigurationList;
			buildConfigurations = (
				D83FE7552079BDCA00E55913 /* Debug */,
				D83FE7562079BDCA00E55913 /* Release */,
			);
			defaultConfigurationIsVisible = 0;
			defaultConfigurationName = Release;
		};
/* End XCConfigurationList section */
	};
	rootObject = D83FE73A2079BDC900E55913 /* Project object */;
}
